
Microsoft Visual Studio Solution File, Format Version 12.00
# Visual Studio Version 17
VisualStudioVersion = 17.5.33516.290
MinimumVisualStudioVersion = 10.0.40219.1
Project("{FAE04EC0-301F-11D3-BF4B-00C04F79EFBC}") = "Lesson5.practice", "Lesson5.practice\Lesson5.practice.csproj", "{873253FF-3410-4818-854F-95F7D44DEE9C}"
EndProject
Global
	GlobalSection(SolutionConfigurationPlatforms) = preSolution
		Debug|Any CPU = Debug|Any CPU
		Release|Any CPU = Release|Any CPU
	EndGlobalSection
	GlobalSection(ProjectConfigurationPlatforms) = postSolution
		{873253FF-3410-4818-854F-95F7D44DEE9C}.Debug|Any CPU.ActiveCfg = Debug|Any CPU
		{873253FF-3410-4818-854F-95F7D44DEE9C}.Debug|Any CPU.Build.0 = Debug|Any CPU
		{873253FF-3410-4818-854F-95F7D44DEE9C}.Release|Any CPU.ActiveCfg = Release|Any CPU
		{873253FF-3410-4818-854F-95F7D44DEE9C}.Release|Any CPU.Build.0 = Release|Any CPU
	EndGlobalSection
	GlobalSection(SolutionProperties) = preSolution
		HideSolutionNode = FALSE
	EndGlobalSection
	GlobalSection(ExtensibilityGlobals) = postSolution
		SolutionGuid = {0B06A2C2-F274-4A98-8C04-397CA5DDA4C8}
	EndGlobalSection
EndGlobal
